
Microsoft Visual Studio Solution File, Format Version 12.00
# Visual Studio 2012
Project("{8BC9CEB8-8B4A-11D0-8D11-00A0C91BC942}") = "Jewels", "Jewels.vcxproj", "{31F8E8AD-2850-4137-9C6C-721C51BD5D26}"
EndProject
Global
	GlobalSection(SolutionConfigurationPlatforms) = preSolution
		Debug|Win32 = Debug|Win32
		Release|Win32 = Release|Win32
	EndGlobalSection
	GlobalSection(ProjectConfigurationPlatforms) = postSolution
		{31F8E8AD-2850-4137-9C6C-721C51BD5D26}.Debug|Win32.ActiveCfg = Debug|Win32
		{31F8E8AD-2850-4137-9C6C-721C51BD5D26}.Debug|Win32.Build.0 = Debug|Win32
		{31F8E8AD-2850-4137-9C6C-721C51BD5D26}.Release|Win32.ActiveCfg = Release|Win32
		{31F8E8AD-2850-4137-9C6C-721C51BD5D26}.Release|Win32.Build.0 = Release|Win32
	EndGlobalSection
	GlobalSection(SolutionProperties) = preSolution
		HideSolutionNode = FALSE
	EndGlobalSection
EndGlobal
